
Microsoft Visual Studio Solution File, Format Version 12.00
# Visual Studio Version 16
VisualStudioVersion = 16.0.30523.141
MinimumVisualStudioVersion = 10.0.40219.1
Project("{9A19103F-16F7-4668-BE54-9A1E7A4F7556}") = "ITMO.JSON.Test01.MyProjectCheckList", "ITMO.JSON.Test01.MyProjectCheckList\ITMO.JSON.Test01.MyProjectCheckList.csproj", "{79046651-47A7-4A4E-8813-B73E0E98DE31}"
EndProject
Project("{9A19103F-16F7-4668-BE54-9A1E7A4F7556}") = "ITMO.JSON.Test02.MyTestJsonCheckList", "ITMO.JSON.Test02.MyTestJsonCheckList\ITMO.JSON.Test02.MyTestJsonCheckList.csproj", "{3C6429E4-07C0-47FA-BD77-54F416715810}"
EndProject
Project("{FAE04EC0-301F-11D3-BF4B-00C04F79EFBC}") = "ITMO.JSON.Test03.MyParser", "ITMO.JSON.Test03.MyParser\ITMO.JSON.Test03.MyParser.csproj", "{22A99B98-1E98-49AE-BECD-E814640FAC7F}"
EndProject
Global
	GlobalSection(SolutionConfigurationPlatforms) = preSolution
		Debug|Any CPU = Debug|Any CPU
		Release|Any CPU = Release|Any CPU
	EndGlobalSection
	GlobalSection(ProjectConfigurationPlatforms) = postSolution
		{79046651-47A7-4A4E-8813-B73E0E98DE31}.Debug|Any CPU.ActiveCfg = Debug|Any CPU
		{79046651-47A7-4A4E-8813-B73E0E98DE31}.Debug|Any CPU.Build.0 = Debug|Any CPU
		{79046651-47A7-4A4E-8813-B73E0E98DE31}.Release|Any CPU.ActiveCfg = Release|Any CPU
		{79046651-47A7-4A4E-8813-B73E0E98DE31}.Release|Any CPU.Build.0 = Release|Any CPU
		{3C6429E4-07C0-47FA-BD77-54F416715810}.Debug|Any CPU.ActiveCfg = Debug|Any CPU
		{3C6429E4-07C0-47FA-BD77-54F416715810}.Debug|Any CPU.Build.0 = Debug|Any CPU
		{3C6429E4-07C0-47FA-BD77-54F416715810}.Release|Any CPU.ActiveCfg = Release|Any CPU
		{3C6429E4-07C0-47FA-BD77-54F416715810}.Release|Any CPU.Build.0 = Release|Any CPU
		{22A99B98-1E98-49AE-BECD-E814640FAC7F}.Debug|Any CPU.ActiveCfg = Debug|Any CPU
		{22A99B98-1E98-49AE-BECD-E814640FAC7F}.Debug|Any CPU.Build.0 = Debug|Any CPU
		{22A99B98-1E98-49AE-BECD-E814640FAC7F}.Release|Any CPU.ActiveCfg = Release|Any CPU
		{22A99B98-1E98-49AE-BECD-E814640FAC7F}.Release|Any CPU.Build.0 = Release|Any CPU
	EndGlobalSection
	GlobalSection(SolutionProperties) = preSolution
		HideSolutionNode = FALSE
	EndGlobalSection
	GlobalSection(ExtensibilityGlobals) = postSolution
		SolutionGuid = {50407D69-4E60-4A47-BB40-9E5F9683C663}
	EndGlobalSection
EndGlobal
